<Solution>
  <Project Path="HealthChecks.ApiService/HealthChecks.ApiService.csproj" />
  <Project Path="HealthChecks.AppHost/HealthChecks.AppHost.csproj" />
  <Project Path="HealthChecks.ServiceDefaults/HealthChecks.ServiceDefaults.csproj" />
  <Project Path="HealthChecks.Web/HealthChecks.Web.csproj" />
</Solution>
